
Microsoft Visual Studio Solution File, Format Version 12.00
# Visual Studio Version 16
VisualStudioVersion = 16.0.31911.196
MinimumVisualStudioVersion = 10.0.40219.1
Project("{FAE04EC0-301F-11D3-BF4B-00C04F79EFBC}") = "Final Projem", "Final Projem\Final Projem.csproj", "{31858D4D-BDFB-47C9-8F16-52B8648CDC17}"
EndProject
Global
	GlobalSection(SolutionConfigurationPlatforms) = preSolution
		Debug|Any CPU = Debug|Any CPU
		Release|Any CPU = Release|Any CPU
	EndGlobalSection
	GlobalSection(ProjectConfigurationPlatforms) = postSolution
		{31858D4D-BDFB-47C9-8F16-52B8648CDC17}.Debug|Any CPU.ActiveCfg = Debug|Any CPU
		{31858D4D-BDFB-47C9-8F16-52B8648CDC17}.Debug|Any CPU.Build.0 = Debug|Any CPU
		{31858D4D-BDFB-47C9-8F16-52B8648CDC17}.Release|Any CPU.ActiveCfg = Release|Any CPU
		{31858D4D-BDFB-47C9-8F16-52B8648CDC17}.Release|Any CPU.Build.0 = Release|Any CPU
	EndGlobalSection
	GlobalSection(SolutionProperties) = preSolution
		HideSolutionNode = FALSE
	EndGlobalSection
	GlobalSection(ExtensibilityGlobals) = postSolution
		SolutionGuid = {F4019918-9DAA-4E3D-8A44-4B7C99A64F33}
	EndGlobalSection
EndGlobal
